github.com/dkr290/go-programs v0.0.0-20220811205220-9f61319c4234 h1:yjzVEcYlFR2SNoBhXW392Aak4Vbn9lqTdJjGjhyD3pk=
github.com/dkr290/go-programs v0.0.0-20220811205220-9f61319c4234/go.mod h1:f/OYJZVXClRKj07rl/DjSqjrrtc9YDn9Y0vsUN6faKk=
github.com/dkr290/go-programs v0.0.0-20220811212428-54fe9745a7ad h1:JIBPX1yP92GhsshxP+N5S0rX0Ftreb/mzL0ejQrCFmU=
github.com/dkr290/go-programs v0.0.0-20220811212428-54fe9745a7ad/go.mod h1:f/OYJZVXClRKj07rl/DjSqjrrtc9YDn9Y0vsUN6faKk=
